
Microsoft Visual Studio Solution File, Format Version 12.00
# Visual Studio Version 16
VisualStudioVersion = 16.0.34931.43
MinimumVisualStudioVersion = 10.0.40219.1
Project("{FAE04EC0-301F-11D3-BF4B-00C04F79EFBC}") = "WebApplication_CaoKienQuoc", "WebApplication_CaoKienQuoc\WebApplication_CaoKienQuoc.csproj", "{1FE9C308-1FE8-4B2A-90FC-D44D36C37B6A}"
EndProject
Global
	GlobalSection(SolutionConfigurationPlatforms) = preSolution
		Debug|Any CPU = Debug|Any CPU
		Release|Any CPU = Release|Any CPU
	EndGlobalSection
	GlobalSection(ProjectConfigurationPlatforms) = postSolution
		{1FE9C308-1FE8-4B2A-90FC-D44D36C37B6A}.Debug|Any CPU.ActiveCfg = Debug|Any CPU
		{1FE9C308-1FE8-4B2A-90FC-D44D36C37B6A}.Debug|Any CPU.Build.0 = Debug|Any CPU
		{1FE9C308-1FE8-4B2A-90FC-D44D36C37B6A}.Release|Any CPU.ActiveCfg = Release|Any CPU
		{1FE9C308-1FE8-4B2A-90FC-D44D36C37B6A}.Release|Any CPU.Build.0 = Release|Any CPU
	EndGlobalSection
	GlobalSection(SolutionProperties) = preSolution
		HideSolutionNode = FALSE
	EndGlobalSection
	GlobalSection(ExtensibilityGlobals) = postSolution
		SolutionGuid = {DE25A37C-67CC-4658-AA0D-644140674255}
	EndGlobalSection
EndGlobal
